
Microsoft Visual Studio Solution File, Format Version 12.00
# Visual Studio 15
VisualStudioVersion = 15.0.26724.1
MinimumVisualStudioVersion = 10.0.40219.1
Project("{9A19103F-16F7-4668-BE54-9A1E7A4F7556}") = "CallCenter.IntegratedTests", "CallCenter.IntegratedTests\CallCenter.IntegratedTests.csproj", "{42689DF0-E1A2-4955-A55A-3EDA5FBDAE9E}"
	ProjectSection(ProjectDependencies) = postProject
		{290F3CD2-B31B-4D86-8978-F2478F159E32} = {290F3CD2-B31B-4D86-8978-F2478F159E32}
	EndProjectSection
EndProject
Project("{9A19103F-16F7-4668-BE54-9A1E7A4F7556}") = "CallCenter.WebApp", "CallCenter.WebApp\CallCenter.WebApp.csproj", "{290F3CD2-B31B-4D86-8978-F2478F159E32}"
EndProject
Global
	GlobalSection(SolutionConfigurationPlatforms) = preSolution
		Debug|Any CPU = Debug|Any CPU
		Release|Any CPU = Release|Any CPU
	EndGlobalSection
	GlobalSection(ProjectConfigurationPlatforms) = postSolution
		{42689DF0-E1A2-4955-A55A-3EDA5FBDAE9E}.Debug|Any CPU.ActiveCfg = Debug|Any CPU
		{42689DF0-E1A2-4955-A55A-3EDA5FBDAE9E}.Debug|Any CPU.Build.0 = Debug|Any CPU
		{42689DF0-E1A2-4955-A55A-3EDA5FBDAE9E}.Release|Any CPU.ActiveCfg = Release|Any CPU
		{42689DF0-E1A2-4955-A55A-3EDA5FBDAE9E}.Release|Any CPU.Build.0 = Release|Any CPU
		{290F3CD2-B31B-4D86-8978-F2478F159E32}.Debug|Any CPU.ActiveCfg = Debug|Any CPU
		{290F3CD2-B31B-4D86-8978-F2478F159E32}.Debug|Any CPU.Build.0 = Debug|Any CPU
		{290F3CD2-B31B-4D86-8978-F2478F159E32}.Release|Any CPU.ActiveCfg = Release|Any CPU
		{290F3CD2-B31B-4D86-8978-F2478F159E32}.Release|Any CPU.Build.0 = Release|Any CPU
	EndGlobalSection
	GlobalSection(SolutionProperties) = preSolution
		HideSolutionNode = FALSE
	EndGlobalSection
	GlobalSection(ExtensibilityGlobals) = postSolution
		SolutionGuid = {D0A49245-A3E4-4418-8A8D-91799E512246}
	EndGlobalSection
EndGlobal
